<?xml version="1.0" encoding="utf-8"?>
<Project ToolsVersion="4.0" xmlns="http://schemas.microsoft.com/developer/msbuild/2003">
  <ItemGroup>
    <Filter Include="Source Files">
      <UniqueIdentifier>{4FC737F1-C7A5-4376-A066-2A32D752A2FF}</UniqueIdentifier>
      <Extensions>cpp;c;cc;cxx;c++;cppm;ixx;def;odl;idl;hpj;bat;asm;asmx</Extensions>
    </Filter>
    <Filter Include="Header Files">
      <UniqueIdentifier>{93995380-89BD-4b04-88EB-625FBE52EBFB}</UniqueIdentifier>
      <Extensions>h;hh;hpp;hxx;h++;hm;inl;inc;ipp;xsd</Extensions>
    </Filter>
    <Filter Include="Resource Files">
      <UniqueIdentifier>{67DA6AB6-F800-4c08-8B7A-83BB121AAD01}</UniqueIdentifier>
      <Extensions>rc;ico;cur;bmp;dlg;rc2;rct;bin;rgs;gif;jpg;jpeg;jpe;resx;tiff;tif;png;wav;mfcribbon-ms</Extensions>
    </Filter>
  </ItemGroup>
  <ItemGroup>
    <ClCompile Include="src\main.cpp">
      <Filter>Source Files</Filter>
    </ClCompile>
    <ClCompile Include="src\sdk\math\Vector.cpp">
      <Filter>Source Files</Filter>
    </ClCompile>
    <ClCompile Include="dependencies\minhook\hde\hde32.c">
      <Filter>Source Files</Filter>
    </ClCompile>
    <ClCompile Include="dependencies\minhook\hde\hde64.c">
      <Filter>Source Files</Filter>
    </ClCompile>
    <ClCompile Include="dependencies\minhook\buffer.c">
      <Filter>Source Files</Filter>
    </ClCompile>
    <ClCompile Include="dependencies\minhook\hook.c">
      <Filter>Source Files</Filter>
    </ClCompile>
    <ClCompile Include="dependencies\minhook\trampoline.c">
      <Filter>Source Files</Filter>
    </ClCompile>
    <ClCompile Include="src\utils\utils.cpp">
      <Filter>Source Files</Filter>
    </ClCompile>
    <ClCompile Include="src\hooks\hooks.cpp">
      <Filter>Source Files</Filter>
    </ClCompile>
    <ClCompile Include="src\sdk\entity\entity.cpp">
      <Filter>Source Files</Filter>
    </ClCompile>
    <ClCompile Include="src\hash\hash.cpp">
      <Filter>Source Files</Filter>
    </ClCompile>
    <ClCompile Include="src\sdk\interfaces\interfaces.cpp">
      <Filter>Source Files</Filter>
    </ClCompile>
    <ClCompile Include="src\sdk\classes\interfaces\CSchemaSystem.cpp">
      <Filter>Source Files</Filter>
    </ClCompile>
    <ClCompile Include="src\sdk\schema\schema.cpp">
      <Filter>Source Files</Filter>
    </ClCompile>
    <ClCompile Include="src\sdk\classes\entity\CHandle.cpp">
      <Filter>Source Files</Filter>
    </ClCompile>
    <ClCompile Include="src\sdk\classes\entity\C_CSPlayerPawn.cpp">
      <Filter>Source Files</Filter>
    </ClCompile>
    <ClCompile Include="src\sdk\classes\CCSGOInput.cpp">
      <Filter>Source Files</Filter>
    </ClCompile>
    <ClCompile Include="dependencies\imgui\imgui.cpp">
      <Filter>Source Files</Filter>
    </ClCompile>
    <ClCompile Include="dependencies\imgui\imgui_demo.cpp">
      <Filter>Source Files</Filter>
    </ClCompile>
    <ClCompile Include="dependencies\imgui\imgui_draw.cpp">
      <Filter>Source Files</Filter>
    </ClCompile>
    <ClCompile Include="dependencies\imgui\imgui_tables.cpp">
      <Filter>Source Files</Filter>
    </ClCompile>
    <ClCompile Include="dependencies\imgui\imgui_widgets.cpp">
      <Filter>Source Files</Filter>
    </ClCompile>
    <ClCompile Include="src\hooks\directx\directx.cpp">
      <Filter>Source Files</Filter>
    </ClCompile>
    <ClCompile Include="src\features\misc\movement.cpp">
      <Filter>Source Files</Filter>
    </ClCompile>
    <ClCompile Include="src\sdk\classes\entity\CEntityInstance.cpp">
      <Filter>Source Files</Filter>
    </ClCompile>
    <ClCompile Include="src\sdk\classes\interfaces\CGameEntitySystem.cpp">
      <Filter>Source Files</Filter>
    </ClCompile>
    <ClCompile Include="src\render\render.cpp">
      <Filter>Source Files</Filter>
    </ClCompile>
    <ClCompile Include="src\sdk\classes\entity\C_CSWeaponBase.cpp">
      <Filter>Source Files</Filter>
    </ClCompile>
    <ClCompile Include="src\sdk\math\math.cpp">
      <Filter>Source Files</Filter>
    </ClCompile>
    <ClCompile Include="src\sdk\classes\interfaces\Cvar.cpp">
      <Filter>Source Files</Filter>
    </ClCompile>
    <ClCompile Include="src\sdk\classes\entity\C_BaseEntity.cpp">
      <Filter>Source Files</Filter>
    </ClCompile>
    <ClCompile Include="src\features\config\config.cpp">
      <Filter>Source Files</Filter>
    </ClCompile>
    <ClCompile Include="src\features\visuals\worldmodulation.cpp">
      <Filter>Source Files</Filter>
    </ClCompile>
    <ClCompile Include="src\sdk\classes\interfaces\IEngineClient.cpp">
      <Filter>Source Files</Filter>
    </ClCompile>
    <ClCompile Include="src\sdk\classes\interfaces\CResourceSystem.cpp">
      <Filter>Source Files</Filter>
    </ClCompile>
    <ClCompile Include="src\sdk\classes\interfaces\CMaterialSystem.cpp">
      <Filter>Source Files</Filter>
    </ClCompile>
    <ClCompile Include="src\features\visuals\players.cpp">
      <Filter>Source Files</Filter>
    </ClCompile>
    <ClCompile Include="src\sdk\classes\CMaterial2.cpp">
      <Filter>Source Files</Filter>
    </ClCompile>
    <ClCompile Include="src\hooks\DirectXPresent.cpp">
      <Filter>Source Files</Filter>
    </ClCompile>
    <ClCompile Include="src\hooks\CreateMove.cpp">
      <Filter>Source Files</Filter>
    </ClCompile>
    <ClCompile Include="src\hooks\MouseInput.cpp">
      <Filter>Source Files</Filter>
    </ClCompile>
    <ClCompile Include="src\hooks\EnableCursor.cpp">
      <Filter>Source Files</Filter>
    </ClCompile>
    <ClCompile Include="src\hooks\UpdateInPVS.cpp">
      <Filter>Source Files</Filter>
    </ClCompile>
    <ClCompile Include="src\hooks\UpdatePostProcessing.cpp">
      <Filter>Source Files</Filter>
    </ClCompile>
    <ClCompile Include="src\hooks\ValidateInput.cpp">
      <Filter>Source Files</Filter>
    </ClCompile>
    <ClCompile Include="src\hooks\DrawLightSceneObject.cpp">
      <Filter>Source Files</Filter>
    </ClCompile>
    <ClCompile Include="src\hooks\DrawAnimatableSceneObject.cpp">
      <Filter>Source Files</Filter>
    </ClCompile>
    <ClCompile Include="src\hooks\UpdateSkybox.cpp">
      <Filter>Source Files</Filter>
    </ClCompile>
    <ClCompile Include="src\hooks\DrawOverHeadInfo.cpp">
      <Filter>Source Files</Filter>
    </ClCompile>
    <ClCompile Include="src\hooks\DrawCrosshair.cpp">
      <Filter>Source Files</Filter>
    </ClCompile>
    <ClCompile Include="src\hooks\DrawScopeOverlay.cpp">
      <Filter>Source Files</Filter>
    </ClCompile>
    <ClCompile Include="src\hooks\GetFieldOfView.cpp">
      <Filter>Source Files</Filter>
    </ClCompile>
    <ClCompile Include="src\hooks\DrawFlashbang.cpp">
      <Filter>Source Files</Filter>
    </ClCompile>
    <ClCompile Include="src\hooks\DrawSmokeVolume.cpp">
      <Filter>Source Files</Filter>
    </ClCompile>
    <ClCompile Include="src\hooks\DrawTorso.cpp">
      <Filter>Source Files</Filter>
    </ClCompile>
    <ClCompile Include="src\hooks\DrawTeamIntro.cpp">
      <Filter>Source Files</Filter>
    </ClCompile>
    <ClCompile Include="src\hooks\DrawRadarEntities.cpp">
      <Filter>Source Files</Filter>
    </ClCompile>
    <ClCompile Include="src\hooks\ViewPunch.cpp">
      <Filter>Source Files</Filter>
    </ClCompile>
    <ClCompile Include="src\hooks\OverrideView.cpp">
      <Filter>Source Files</Filter>
    </ClCompile>
    <ClCompile Include="src\hooks\LevelInit.cpp">
      <Filter>Source Files</Filter>
    </ClCompile>
    <ClCompile Include="src\hooks\OnAddEntity.cpp">
      <Filter>Source Files</Filter>
    </ClCompile>
    <ClCompile Include="src\hooks\OnRemoveEntity.cpp">
      <Filter>Source Files</Filter>
    </ClCompile>
    <ClCompile Include="src\features\misc\pvsupdate.cpp">
      <Filter>Source Files</Filter>
    </ClCompile>
    <ClCompile Include="src\features\visuals\scopeoverlay.cpp">
      <Filter>Source Files</Filter>
    </ClCompile>
    <ClCompile Include="src\hooks\UpdateAggregateSceneObject.cpp">
      <Filter>Source Files</Filter>
    </ClCompile>
    <ClCompile Include="src\features\events\events.cpp">
      <Filter>Source Files</Filter>
    </ClCompile>
    <ClCompile Include="src\sdk\classes\CGameEvents.cpp">
      <Filter>Source Files</Filter>
    </ClCompile>
    <ClCompile Include="src\sdk\classes\CParticleSystem.cpp">
      <Filter>Source Files</Filter>
    </ClCompile>
    <ClCompile Include="dependencies\imgui\imgui_impl_dx11.cpp">
      <Filter>Source Files</Filter>
    </ClCompile>
    <ClCompile Include="dependencies\imgui\imgui_impl_win32.cpp">
      <Filter>Source Files</Filter>
    </ClCompile>
    <ClCompile Include="dependencies\imgui\imgui_stdlib.cpp">
      <Filter>Source Files</Filter>
    </ClCompile>
    <ClCompile Include="src\features\aimbot\aimbot.cpp">
      <Filter>Source Files</Filter>
    </ClCompile>
    <ClCompile Include="src\sdk\classes\cs_usercmd.pb.cpp">
      <Filter>Source Files</Filter>
    </ClCompile>
    <ClCompile Include="src\sdk\classes\network_connection.pb.cpp">
      <Filter>Source Files</Filter>
    </ClCompile>
    <ClCompile Include="src\sdk\classes\networkbasetypes.pb.cpp">
      <Filter>Source Files</Filter>
    </ClCompile>
    <ClCompile Include="src\sdk\classes\usercmd.pb.cpp">
      <Filter>Source Files</Filter>
    </ClCompile>
    <ClCompile Include="src\features\subticks\subtick.cpp">
      <Filter>Source Files</Filter>
    </ClCompile>
    <ClCompile Include="src\hooks\FrameStageNotify.cpp">
      <Filter>Source Files</Filter>
    </ClCompile>
    <ClCompile Include="src\hooks\LevelShutdown.cpp">
      <Filter>Source Files</Filter>
    </ClCompile>
    <ClCompile Include="dependencies\imgui\imgui_freetype.cpp">
      <Filter>Source Files</Filter>
    </ClCompile>
    <ClCompile Include="src\hooks\DrawGlow.cpp">
      <Filter>Source Files</Filter>
    </ClCompile>
    <ClCompile Include="src\sdk\classes\entity\C_BasePlayerWeapon.cpp">
      <Filter>Source Files</Filter>
    </ClCompile>
    <ClCompile Include="src\features\antiaim\antiaim.cpp">
      <Filter>Source Files</Filter>
    </ClCompile>
    <ClCompile Include="src\features\lagcompensation\lagcomp.cpp">
      <Filter>Source Files</Filter>
    </ClCompile>
    <ClCompile Include="src\features\visuals\weapons.cpp">
      <Filter>Source Files</Filter>
    </ClCompile>
    <ClCompile Include="src\features\visuals\chams.cpp">
      <Filter>Source Files</Filter>
    </ClCompile>
    <ClCompile Include="src\sdk\classes\KeyValues3.cpp">
      <Filter>Source Files</Filter>
    </ClCompile>
    <ClCompile Include="src\hooks\DrawAggregateSceneObject.cpp">
      <Filter>Source Files</Filter>
    </ClCompile>
    <ClCompile Include="src\sdk\classes\interfaces\CEngineTrace.cpp">
      <Filter>Source Files</Filter>
    </ClCompile>
    <ClCompile Include="src\features\skins\skins.cpp">
      <Filter>Source Files</Filter>
    </ClCompile>
    <ClCompile Include="src\features\menu\menu.cpp">
      <Filter>Source Files</Filter>
    </ClCompile>
  </ItemGroup>
  <ItemGroup>
    <ClInclude Include="src\sdk\math\Vector.h">
      <Filter>Header Files</Filter>
    </ClInclude>
    <ClInclude Include="dependencies\minhook\hde\hde32.h">
      <Filter>Header Files</Filter>
    </ClInclude>
    <ClInclude Include="dependencies\minhook\hde\hde64.h">
      <Filter>Header Files</Filter>
    </ClInclude>
    <ClInclude Include="dependencies\minhook\hde\pstdint.h">
      <Filter>Header Files</Filter>
    </ClInclude>
    <ClInclude Include="dependencies\minhook\hde\table32.h">
      <Filter>Header Files</Filter>
    </ClInclude>
    <ClInclude Include="dependencies\minhook\hde\table64.h">
      <Filter>Header Files</Filter>
    </ClInclude>
    <ClInclude Include="dependencies\minhook\buffer.h">
      <Filter>Header Files</Filter>
    </ClInclude>
    <ClInclude Include="dependencies\minhook\minhook.h">
      <Filter>Header Files</Filter>
    </ClInclude>
    <ClInclude Include="dependencies\minhook\trampoline.h">
      <Filter>Header Files</Filter>
    </ClInclude>
    <ClInclude Include="src\utils\utils.h">
      <Filter>Header Files</Filter>
    </ClInclude>
    <ClInclude Include="src\hooks\hooks.h">
      <Filter>Header Files</Filter>
    </ClInclude>
    <ClInclude Include="src\sdk\entity\entity.h">
      <Filter>Header Files</Filter>
    </ClInclude>
    <ClInclude Include="src\hash\hash.h">
      <Filter>Header Files</Filter>
    </ClInclude>
    <ClInclude Include="src\sdk\interfaces\interfaces.h">
      <Filter>Header Files</Filter>
    </ClInclude>
    <ClInclude Include="src\sdk\classes\interfaces\GameResourceServiceClientV001.h">
      <Filter>Header Files</Filter>
    </ClInclude>
    <ClInclude Include="src\sdk\classes\interfaces\CGameEntitySystem.h">
      <Filter>Header Files</Filter>
    </ClInclude>
    <ClInclude Include="src\sdk\classes\CCSGOInput.h">
      <Filter>Header Files</Filter>
    </ClInclude>
    <ClInclude Include="src\sdk\classes\interfaces\CSchemaSystem.h">
      <Filter>Header Files</Filter>
    </ClInclude>
    <ClInclude Include="src\utils\vmt.h">
      <Filter>Header Files</Filter>
    </ClInclude>
    <ClInclude Include="src\sdk\schema\schema.h">
      <Filter>Header Files</Filter>
    </ClInclude>
    <ClInclude Include="src\sdk\classes\entity\C_CSPlayerPawn.h">
      <Filter>Header Files</Filter>
    </ClInclude>
    <ClInclude Include="src\sdk\classes\entity\CHandle.h">
      <Filter>Header Files</Filter>
    </ClInclude>
    <ClInclude Include="src\sdk\classes\entity\CCSPlayerController.h">
      <Filter>Header Files</Filter>
    </ClInclude>
    <ClInclude Include="src\sdk\classes\GlobalVars.h">
      <Filter>Header Files</Filter>
    </ClInclude>
    <ClInclude Include="src\sdk\classes\CGameSceneNode.h">
      <Filter>Header Files</Filter>
    </ClInclude>
    <ClInclude Include="dependencies\imgui\imconfig.h">
      <Filter>Header Files</Filter>
    </ClInclude>
    <ClInclude Include="dependencies\imgui\imgui.h">
      <Filter>Header Files</Filter>
    </ClInclude>
    <ClInclude Include="dependencies\imgui\imgui_internal.h">
      <Filter>Header Files</Filter>
    </ClInclude>
    <ClInclude Include="dependencies\imgui\imstb_rectpack.h">
      <Filter>Header Files</Filter>
    </ClInclude>
    <ClInclude Include="dependencies\imgui\imstb_textedit.h">
      <Filter>Header Files</Filter>
    </ClInclude>
    <ClInclude Include="dependencies\imgui\imstb_truetype.h">
      <Filter>Header Files</Filter>
    </ClInclude>
    <ClInclude Include="src\hooks\directx\directx.h">
      <Filter>Header Files</Filter>
    </ClInclude>
    <ClInclude Include="src\sdk\classes\entity\CEntityInstance.h">
      <Filter>Header Files</Filter>
    </ClInclude>
    <ClInclude Include="src\sdk\classes\entity\C_BaseEntity.h">
      <Filter>Header Files</Filter>
    </ClInclude>
    <ClInclude Include="src\sdk\classes\entity\C_CSPlayerPawnBase.h">
      <Filter>Header Files</Filter>
    </ClInclude>
    <ClInclude Include="src\sdk\classes\entity\C_BasePlayerPawn.h">
      <Filter>Header Files</Filter>
    </ClInclude>
    <ClInclude Include="src\sdk\classes\entity\C_BaseCombatCharacter.h">
      <Filter>Header Files</Filter>
    </ClInclude>
    <ClInclude Include="src\sdk\classes\entity\C_BaseFlex.h">
      <Filter>Header Files</Filter>
    </ClInclude>
    <ClInclude Include="src\sdk\classes\entity\CBaseAnimGraph.h">
      <Filter>Header Files</Filter>
    </ClInclude>
    <ClInclude Include="src\sdk\classes\entity\C_BaseModelEntity.h">
      <Filter>Header Files</Filter>
    </ClInclude>
    <ClInclude Include="src\sdk\classes\CUtlVector.h">
      <Filter>Header Files</Filter>
    </ClInclude>
    <ClInclude Include="src\sdk\classes\entity\C_CSWeaponBase.h">
      <Filter>Header Files</Filter>
    </ClInclude>
    <ClInclude Include="src\features\features.h">
      <Filter>Header Files</Filter>
    </ClInclude>
    <ClInclude Include="src\features\helper\helper.h">
      <Filter>Header Files</Filter>
    </ClInclude>
    <ClInclude Include="src\render\render.h">
      <Filter>Header Files</Filter>
    </ClInclude>
    <ClInclude Include="src\sdk\classes\entity\CCSWeaponBaseVData.h">
      <Filter>Header Files</Filter>
    </ClInclude>
    <ClInclude Include="src\features\menu\menu.h">
      <Filter>Header Files</Filter>
    </ClInclude>
    <ClInclude Include="src\sdk\math\math.h">
      <Filter>Header Files</Filter>
    </ClInclude>
    <ClInclude Include="dependencies\json\detail\conversions\from_json.h">
      <Filter>Header Files</Filter>
    </ClInclude>
    <ClInclude Include="dependencies\json\detail\conversions\to_chars.h">
      <Filter>Header Files</Filter>
    </ClInclude>
    <ClInclude Include="dependencies\json\detail\conversions\to_json.h">
      <Filter>Header Files</Filter>
    </ClInclude>
    <ClInclude Include="dependencies\json\detail\input\binary_reader.h">
      <Filter>Header Files</Filter>
    </ClInclude>
    <ClInclude Include="dependencies\json\detail\input\input_adapters.h">
      <Filter>Header Files</Filter>
    </ClInclude>
    <ClInclude Include="dependencies\json\detail\input\json_sax.h">
      <Filter>Header Files</Filter>
    </ClInclude>
    <ClInclude Include="dependencies\json\detail\input\lexer.h">
      <Filter>Header Files</Filter>
    </ClInclude>
    <ClInclude Include="dependencies\json\detail\input\parser.h">
      <Filter>Header Files</Filter>
    </ClInclude>
    <ClInclude Include="dependencies\json\detail\input\position_t.h">
      <Filter>Header Files</Filter>
    </ClInclude>
    <ClInclude Include="dependencies\json\detail\iterators\internal_iterator.h">
      <Filter>Header Files</Filter>
    </ClInclude>
    <ClInclude Include="dependencies\json\detail\iterators\iter_impl.h">
      <Filter>Header Files</Filter>
    </ClInclude>
    <ClInclude Include="dependencies\json\detail\iterators\iteration_proxy.h">
      <Filter>Header Files</Filter>
    </ClInclude>
    <ClInclude Include="dependencies\json\detail\iterators\iterator_traits.h">
      <Filter>Header Files</Filter>
    </ClInclude>
    <ClInclude Include="dependencies\json\detail\iterators\json_reverse_iterator.h">
      <Filter>Header Files</Filter>
    </ClInclude>
    <ClInclude Include="dependencies\json\detail\iterators\primitive_iterator.h">
      <Filter>Header Files</Filter>
    </ClInclude>
    <ClInclude Include="dependencies\json\detail\meta\call_std\begin.h">
      <Filter>Header Files</Filter>
    </ClInclude>
    <ClInclude Include="dependencies\json\detail\meta\call_std\end.h">
      <Filter>Header Files</Filter>
    </ClInclude>
    <ClInclude Include="dependencies\json\detail\meta\cpp_future.h">
      <Filter>Header Files</Filter>
    </ClInclude>
    <ClInclude Include="dependencies\json\detail\meta\detected.h">
      <Filter>Header Files</Filter>
    </ClInclude>
    <ClInclude Include="dependencies\json\detail\meta\identity_tag.h">
      <Filter>Header Files</Filter>
    </ClInclude>
    <ClInclude Include="dependencies\json\detail\meta\is_sax.h">
      <Filter>Header Files</Filter>
    </ClInclude>
    <ClInclude Include="dependencies\json\detail\meta\std_fs.h">
      <Filter>Header Files</Filter>
    </ClInclude>
    <ClInclude Include="dependencies\json\detail\meta\type_traits.h">
      <Filter>Header Files</Filter>
    </ClInclude>
    <ClInclude Include="dependencies\json\detail\meta\void_t.h">
      <Filter>Header Files</Filter>
    </ClInclude>
    <ClInclude Include="dependencies\json\detail\output\binary_writer.h">
      <Filter>Header Files</Filter>
    </ClInclude>
    <ClInclude Include="dependencies\json\detail\output\output_adapters.h">
      <Filter>Header Files</Filter>
    </ClInclude>
    <ClInclude Include="dependencies\json\detail\output\serializer.h">
      <Filter>Header Files</Filter>
    </ClInclude>
    <ClInclude Include="dependencies\json\detail\abi_macros.h">
      <Filter>Header Files</Filter>
    </ClInclude>
    <ClInclude Include="dependencies\json\detail\exceptions.h">
      <Filter>Header Files</Filter>
    </ClInclude>
    <ClInclude Include="dependencies\json\detail\hash.h">
      <Filter>Header Files</Filter>
    </ClInclude>
    <ClInclude Include="dependencies\json\detail\json_custom_base_class.h">
      <Filter>Header Files</Filter>
    </ClInclude>
    <ClInclude Include="dependencies\json\detail\json_pointer.h">
      <Filter>Header Files</Filter>
    </ClInclude>
    <ClInclude Include="dependencies\json\detail\json_ref.h">
      <Filter>Header Files</Filter>
    </ClInclude>
    <ClInclude Include="dependencies\json\detail\macro_scope.h">
      <Filter>Header Files</Filter>
    </ClInclude>
    <ClInclude Include="dependencies\json\detail\macro_unscope.h">
      <Filter>Header Files</Filter>
    </ClInclude>
    <ClInclude Include="dependencies\json\detail\string_concat.h">
      <Filter>Header Files</Filter>
    </ClInclude>
    <ClInclude Include="dependencies\json\detail\string_escape.h">
      <Filter>Header Files</Filter>
    </ClInclude>
    <ClInclude Include="dependencies\json\detail\value_t.h">
      <Filter>Header Files</Filter>
    </ClInclude>
    <ClInclude Include="dependencies\json\thirdparty\hedley\hedley.h">
      <Filter>Header Files</Filter>
    </ClInclude>
    <ClInclude Include="dependencies\json\thirdparty\hedley\hedley_undef.h">
      <Filter>Header Files</Filter>
    </ClInclude>
    <ClInclude Include="dependencies\json\adl_serializer.h">
      <Filter>Header Files</Filter>
    </ClInclude>
    <ClInclude Include="dependencies\json\byte_container_with_subtype.h">
      <Filter>Header Files</Filter>
    </ClInclude>
    <ClInclude Include="dependencies\json\json_fwd.h">
      <Filter>Header Files</Filter>
    </ClInclude>
    <ClInclude Include="dependencies\json\ordered_map.h">
      <Filter>Header Files</Filter>
    </ClInclude>
    <ClInclude Include="dependencies\json\json.h">
      <Filter>Header Files</Filter>
    </ClInclude>
    <ClInclude Include="src\sdk\classes\interfaces\Cvar.h">
      <Filter>Header Files</Filter>
    </ClInclude>
    <ClInclude Include="src\sdk\classes\CSkeletonInstance.h">
      <Filter>Header Files</Filter>
    </ClInclude>
    <ClInclude Include="src\sdk\classes\interfaces\CMaterialSystem.h">
      <Filter>Header Files</Filter>
    </ClInclude>
    <ClInclude Include="src\features\config\config.h">
      <Filter>Header Files</Filter>
    </ClInclude>
    <ClInclude Include="src\features\visuals\visuals.h">
      <Filter>Header Files</Filter>
    </ClInclude>
    <ClInclude Include="src\sdk\classes\C_PostProcessingVolume.h">
      <Filter>Header Files</Filter>
    </ClInclude>
    <ClInclude Include="src\sdk\classes\CPlayer_CameraServices.h">
      <Filter>Header Files</Filter>
    </ClInclude>
    <ClInclude Include="src\sdk\classes\interfaces\IEngineClient.h">
      <Filter>Header Files</Filter>
    </ClInclude>
    <ClInclude Include="src\sdk\classes\CLightBinnerGPU.h">
      <Filter>Header Files</Filter>
    </ClInclude>
    <ClInclude Include="src\sdk\classes\CSceneLightObject.h">
      <Filter>Header Files</Filter>
    </ClInclude>
    <ClInclude Include="src\sdk\classes\entity\C_EnvSky.h">
      <Filter>Header Files</Filter>
    </ClInclude>
    <ClInclude Include="src\sdk\math\Color.h">
      <Filter>Header Files</Filter>
    </ClInclude>
    <ClInclude Include="src\sdk\classes\entity\CEntityIdentity.h">
      <Filter>Header Files</Filter>
    </ClInclude>
    <ClInclude Include="src\sdk\classes\CMaterial2.h">
      <Filter>Header Files</Filter>
    </ClInclude>
    <ClInclude Include="src\sdk\classes\interfaces\CResourceSystem.h">
      <Filter>Header Files</Filter>
    </ClInclude>
    <ClInclude Include="src\sdk\classes\entity\CBasePlayerController.h">
      <Filter>Header Files</Filter>
    </ClInclude>
    <ClInclude Include="src\sdk\classes\CAnimatableSceneObjectDesc.h">
      <Filter>Header Files</Filter>
    </ClInclude>
    <ClInclude Include="src\sdk\classes\CRenderContextDx11.h">
      <Filter>Header Files</Filter>
    </ClInclude>
    <ClInclude Include="src\sdk\classes\CSceneView.h">
      <Filter>Header Files</Filter>
    </ClInclude>
    <ClInclude Include="src\sdk\classes\CSceneLayer.h">
      <Filter>Header Files</Filter>
    </ClInclude>
    <ClInclude Include="src\sdk\classes\entity\C_BasePlayerWeapon.h">
      <Filter>Header Files</Filter>
    </ClInclude>
    <ClInclude Include="src\sdk\classes\entity\C_CSWeaponBaseGun.h">
      <Filter>Header Files</Filter>
    </ClInclude>
    <ClInclude Include="src\sdk\classes\interfaces\CInputSystem.h">
      <Filter>Header Files</Filter>
    </ClInclude>
    <ClInclude Include="src\sdk\classes\CPlayer_WeaponServices.h">
      <Filter>Header Files</Filter>
    </ClInclude>
    <ClInclude Include="src\sdk\classes\CViewSetup.h">
      <Filter>Header Files</Filter>
    </ClInclude>
    <ClInclude Include="src\sdk\classes\CViewRender.h">
      <Filter>Header Files</Filter>
    </ClInclude>
    <ClInclude Include="src\features\misc\misc.h">
      <Filter>Header Files</Filter>
    </ClInclude>
    <ClInclude Include="src\sdk\classes\CAggregateSceneObject.h">
      <Filter>Header Files</Filter>
    </ClInclude>
    <ClInclude Include="src\features\events\events.h">
      <Filter>Header Files</Filter>
    </ClInclude>
    <ClInclude Include="src\sdk\classes\CGameEvents.h">
      <Filter>Header Files</Filter>
    </ClInclude>
    <ClInclude Include="src\sdk\classes\CParticleSystem.h">
      <Filter>Header Files</Filter>
    </ClInclude>
    <ClInclude Include="src\sdk\math\CStrongHandle.h">
      <Filter>Header Files</Filter>
    </ClInclude>
    <ClInclude Include="src\sdk\math\UtlMemory.h">
      <Filter>Header Files</Filter>
    </ClInclude>
    <ClInclude Include="src\sdk\math\CUtlBuffer.h">
      <Filter>Header Files</Filter>
    </ClInclude>
    <ClInclude Include="dependencies\imgui\imgui_impl_dx11.h">
      <Filter>Header Files</Filter>
    </ClInclude>
    <ClInclude Include="dependencies\imgui\imgui_impl_win32.h">
      <Filter>Header Files</Filter>
    </ClInclude>
    <ClInclude Include="dependencies\imgui\imgui_stdlib.h">
      <Filter>Header Files</Filter>
    </ClInclude>
    <ClInclude Include="src\sdk\classes\CCLient.h">
      <Filter>Header Files</Filter>
    </ClInclude>
    <ClInclude Include="src\sdk\classes\CDebugOverlaySystem.h">
      <Filter>Header Files</Filter>
    </ClInclude>
    <ClInclude Include="src\features\aimbot\aimbot.h">
      <Filter>Header Files</Filter>
    </ClInclude>
    <ClInclude Include="src\sdk\classes\cs_usercmd.pb.hpp">
      <Filter>Header Files</Filter>
    </ClInclude>
    <ClInclude Include="src\sdk\classes\network_connection.pb.hpp">
      <Filter>Header Files</Filter>
    </ClInclude>
    <ClInclude Include="src\sdk\classes\networkbasetypes.pb.hpp">
      <Filter>Header Files</Filter>
    </ClInclude>
    <ClInclude Include="src\sdk\classes\usercmd.pb.hpp">
      <Filter>Header Files</Filter>
    </ClInclude>
    <ClInclude Include="src\features\subticks\subtick.h">
      <Filter>Header Files</Filter>
    </ClInclude>
    <ClInclude Include="src\sdk\classes\CNetworkClientService.h">
      <Filter>Header Files</Filter>
    </ClInclude>
    <ClInclude Include="dependencies\protobufs\include\google\protobuf\compiler\cpp\cpp_generator.h">
      <Filter>Header Files</Filter>
    </ClInclude>
    <ClInclude Include="dependencies\protobufs\include\google\protobuf\compiler\cpp\file.h">
      <Filter>Header Files</Filter>
    </ClInclude>
    <ClInclude Include="dependencies\protobufs\include\google\protobuf\compiler\cpp\generator.h">
      <Filter>Header Files</Filter>
    </ClInclude>
    <ClInclude Include="dependencies\protobufs\include\google\protobuf\compiler\cpp\helpers.h">
      <Filter>Header Files</Filter>
    </ClInclude>
    <ClInclude Include="dependencies\protobufs\include\google\protobuf\compiler\cpp\names.h">
      <Filter>Header Files</Filter>
    </ClInclude>
    <ClInclude Include="dependencies\protobufs\include\google\protobuf\compiler\csharp\csharp_doc_comment.h">
      <Filter>Header Files</Filter>
    </ClInclude>
    <ClInclude Include="dependencies\protobufs\include\google\protobuf\compiler\csharp\csharp_generator.h">
      <Filter>Header Files</Filter>
    </ClInclude>
    <ClInclude Include="dependencies\protobufs\include\google\protobuf\compiler\csharp\csharp_names.h">
      <Filter>Header Files</Filter>
    </ClInclude>
    <ClInclude Include="dependencies\protobufs\include\google\protobuf\compiler\csharp\csharp_options.h">
      <Filter>Header Files</Filter>
    </ClInclude>
    <ClInclude Include="dependencies\protobufs\include\google\protobuf\compiler\java\generator.h">
      <Filter>Header Files</Filter>
    </ClInclude>
    <ClInclude Include="dependencies\protobufs\include\google\protobuf\compiler\java\java_generator.h">
      <Filter>Header Files</Filter>
    </ClInclude>
    <ClInclude Include="dependencies\protobufs\include\google\protobuf\compiler\java\kotlin_generator.h">
      <Filter>Header Files</Filter>
    </ClInclude>
    <ClInclude Include="dependencies\protobufs\include\google\protobuf\compiler\java\names.h">
      <Filter>Header Files</Filter>
    </ClInclude>
    <ClInclude Include="dependencies\protobufs\include\google\protobuf\compiler\objectivec\objectivec_generator.h">
      <Filter>Header Files</Filter>
    </ClInclude>
    <ClInclude Include="dependencies\protobufs\include\google\protobuf\compiler\objectivec\objectivec_helpers.h">
      <Filter>Header Files</Filter>
    </ClInclude>
    <ClInclude Include="dependencies\protobufs\include\google\protobuf\compiler\php\php_generator.h">
      <Filter>Header Files</Filter>
    </ClInclude>
    <ClInclude Include="dependencies\protobufs\include\google\protobuf\compiler\python\generator.h">
      <Filter>Header Files</Filter>
    </ClInclude>
    <ClInclude Include="dependencies\protobufs\include\google\protobuf\compiler\python\pyi_generator.h">
      <Filter>Header Files</Filter>
    </ClInclude>
    <ClInclude Include="dependencies\protobufs\include\google\protobuf\compiler\python\python_generator.h">
      <Filter>Header Files</Filter>
    </ClInclude>
    <ClInclude Include="dependencies\protobufs\include\google\protobuf\compiler\ruby\ruby_generator.h">
      <Filter>Header Files</Filter>
    </ClInclude>
    <ClInclude Include="dependencies\protobufs\include\google\protobuf\compiler\code_generator.h">
      <Filter>Header Files</Filter>
    </ClInclude>
    <ClInclude Include="dependencies\protobufs\include\google\protobuf\compiler\command_line_interface.h">
      <Filter>Header Files</Filter>
    </ClInclude>
    <ClInclude Include="dependencies\protobufs\include\google\protobuf\compiler\importer.h">
      <Filter>Header Files</Filter>
    </ClInclude>
    <ClInclude Include="dependencies\protobufs\include\google\protobuf\compiler\parser.h">
      <Filter>Header Files</Filter>
    </ClInclude>
    <ClInclude Include="dependencies\protobufs\include\google\protobuf\compiler\plugin.h">
      <Filter>Header Files</Filter>
    </ClInclude>
    <ClInclude Include="dependencies\protobufs\include\google\protobuf\compiler\plugin.pb.h">
      <Filter>Header Files</Filter>
    </ClInclude>
    <ClInclude Include="dependencies\protobufs\include\google\protobuf\io\coded_stream.h">
      <Filter>Header Files</Filter>
    </ClInclude>
    <ClInclude Include="dependencies\protobufs\include\google\protobuf\io\gzip_stream.h">
      <Filter>Header Files</Filter>
    </ClInclude>
    <ClInclude Include="dependencies\protobufs\include\google\protobuf\io\io_win32.h">
      <Filter>Header Files</Filter>
    </ClInclude>
    <ClInclude Include="dependencies\protobufs\include\google\protobuf\io\printer.h">
      <Filter>Header Files</Filter>
    </ClInclude>
    <ClInclude Include="dependencies\protobufs\include\google\protobuf\io\strtod.h">
      <Filter>Header Files</Filter>
    </ClInclude>
    <ClInclude Include="dependencies\protobufs\include\google\protobuf\io\tokenizer.h">
      <Filter>Header Files</Filter>
    </ClInclude>
    <ClInclude Include="dependencies\protobufs\include\google\protobuf\io\zero_copy_stream.h">
      <Filter>Header Files</Filter>
    </ClInclude>
    <ClInclude Include="dependencies\protobufs\include\google\protobuf\io\zero_copy_stream_impl.h">
      <Filter>Header Files</Filter>
    </ClInclude>
    <ClInclude Include="dependencies\protobufs\include\google\protobuf\io\zero_copy_stream_impl_lite.h">
      <Filter>Header Files</Filter>
    </ClInclude>
    <ClInclude Include="dependencies\protobufs\include\google\protobuf\stubs\bytestream.h">
      <Filter>Header Files</Filter>
    </ClInclude>
    <ClInclude Include="dependencies\protobufs\include\google\protobuf\stubs\callback.h">
      <Filter>Header Files</Filter>
    </ClInclude>
    <ClInclude Include="dependencies\protobufs\include\google\protobuf\stubs\casts.h">
      <Filter>Header Files</Filter>
    </ClInclude>
    <ClInclude Include="dependencies\protobufs\include\google\protobuf\stubs\common.h">
      <Filter>Header Files</Filter>
    </ClInclude>
    <ClInclude Include="dependencies\protobufs\include\google\protobuf\stubs\hash.h">
      <Filter>Header Files</Filter>
    </ClInclude>
    <ClInclude Include="dependencies\protobufs\include\google\protobuf\stubs\logging.h">
      <Filter>Header Files</Filter>
    </ClInclude>
    <ClInclude Include="dependencies\protobufs\include\google\protobuf\stubs\macros.h">
      <Filter>Header Files</Filter>
    </ClInclude>
    <ClInclude Include="dependencies\protobufs\include\google\protobuf\stubs\map_util.h">
      <Filter>Header Files</Filter>
    </ClInclude>
    <ClInclude Include="dependencies\protobufs\include\google\protobuf\stubs\mutex.h">
      <Filter>Header Files</Filter>
    </ClInclude>
    <ClInclude Include="dependencies\protobufs\include\google\protobuf\stubs\once.h">
      <Filter>Header Files</Filter>
    </ClInclude>
    <ClInclude Include="dependencies\protobufs\include\google\protobuf\stubs\platform_macros.h">
      <Filter>Header Files</Filter>
    </ClInclude>
    <ClInclude Include="dependencies\protobufs\include\google\protobuf\stubs\port.h">
      <Filter>Header Files</Filter>
    </ClInclude>
    <ClInclude Include="dependencies\protobufs\include\google\protobuf\stubs\status.h">
      <Filter>Header Files</Filter>
    </ClInclude>
    <ClInclude Include="dependencies\protobufs\include\google\protobuf\stubs\stl_util.h">
      <Filter>Header Files</Filter>
    </ClInclude>
    <ClInclude Include="dependencies\protobufs\include\google\protobuf\stubs\stringpiece.h">
      <Filter>Header Files</Filter>
    </ClInclude>
    <ClInclude Include="dependencies\protobufs\include\google\protobuf\stubs\strutil.h">
      <Filter>Header Files</Filter>
    </ClInclude>
    <ClInclude Include="dependencies\protobufs\include\google\protobuf\stubs\template_util.h">
      <Filter>Header Files</Filter>
    </ClInclude>
    <ClInclude Include="dependencies\protobufs\include\google\protobuf\util\delimited_message_util.h">
      <Filter>Header Files</Filter>
    </ClInclude>
    <ClInclude Include="dependencies\protobufs\include\google\protobuf\util\field_comparator.h">
      <Filter>Header Files</Filter>
    </ClInclude>
    <ClInclude Include="dependencies\protobufs\include\google\protobuf\util\field_mask_util.h">
      <Filter>Header Files</Filter>
    </ClInclude>
    <ClInclude Include="dependencies\protobufs\include\google\protobuf\util\json_util.h">
      <Filter>Header Files</Filter>
    </ClInclude>
    <ClInclude Include="dependencies\protobufs\include\google\protobuf\util\message_differencer.h">
      <Filter>Header Files</Filter>
    </ClInclude>
    <ClInclude Include="dependencies\protobufs\include\google\protobuf\util\time_util.h">
      <Filter>Header Files</Filter>
    </ClInclude>
    <ClInclude Include="dependencies\protobufs\include\google\protobuf\util\type_resolver.h">
      <Filter>Header Files</Filter>
    </ClInclude>
    <ClInclude Include="dependencies\protobufs\include\google\protobuf\util\type_resolver_util.h">
      <Filter>Header Files</Filter>
    </ClInclude>
    <ClInclude Include="dependencies\protobufs\include\google\protobuf\any.h">
      <Filter>Header Files</Filter>
    </ClInclude>
    <ClInclude Include="dependencies\protobufs\include\google\protobuf\any.pb.h">
      <Filter>Header Files</Filter>
    </ClInclude>
    <ClInclude Include="dependencies\protobufs\include\google\protobuf\api.pb.h">
      <Filter>Header Files</Filter>
    </ClInclude>
    <ClInclude Include="dependencies\protobufs\include\google\protobuf\arena.h">
      <Filter>Header Files</Filter>
    </ClInclude>
    <ClInclude Include="dependencies\protobufs\include\google\protobuf\arena_impl.h">
      <Filter>Header Files</Filter>
    </ClInclude>
    <ClInclude Include="dependencies\protobufs\include\google\protobuf\arenastring.h">
      <Filter>Header Files</Filter>
    </ClInclude>
    <ClInclude Include="dependencies\protobufs\include\google\protobuf\arenaz_sampler.h">
      <Filter>Header Files</Filter>
    </ClInclude>
    <ClInclude Include="dependencies\protobufs\include\google\protobuf\descriptor.h">
      <Filter>Header Files</Filter>
    </ClInclude>
    <ClInclude Include="dependencies\protobufs\include\google\protobuf\descriptor.pb.h">
      <Filter>Header Files</Filter>
    </ClInclude>
    <ClInclude Include="dependencies\protobufs\include\google\protobuf\descriptor_database.h">
      <Filter>Header Files</Filter>
    </ClInclude>
    <ClInclude Include="dependencies\protobufs\include\google\protobuf\duration.pb.h">
      <Filter>Header Files</Filter>
    </ClInclude>
    <ClInclude Include="dependencies\protobufs\include\google\protobuf\dynamic_message.h">
      <Filter>Header Files</Filter>
    </ClInclude>
    <ClInclude Include="dependencies\protobufs\include\google\protobuf\empty.pb.h">
      <Filter>Header Files</Filter>
    </ClInclude>
    <ClInclude Include="dependencies\protobufs\include\google\protobuf\endian.h">
      <Filter>Header Files</Filter>
    </ClInclude>
    <ClInclude Include="dependencies\protobufs\include\google\protobuf\explicitly_constructed.h">
      <Filter>Header Files</Filter>
    </ClInclude>
    <ClInclude Include="dependencies\protobufs\include\google\protobuf\extension_set.h">
      <Filter>Header Files</Filter>
    </ClInclude>
    <ClInclude Include="dependencies\protobufs\include\google\protobuf\extension_set_inl.h">
      <Filter>Header Files</Filter>
    </ClInclude>
    <ClInclude Include="dependencies\protobufs\include\google\protobuf\field_access_listener.h">
      <Filter>Header Files</Filter>
    </ClInclude>
    <ClInclude Include="dependencies\protobufs\include\google\protobuf\field_mask.pb.h">
      <Filter>Header Files</Filter>
    </ClInclude>
    <ClInclude Include="dependencies\protobufs\include\google\protobuf\generated_enum_reflection.h">
      <Filter>Header Files</Filter>
    </ClInclude>
    <ClInclude Include="dependencies\protobufs\include\google\protobuf\generated_enum_util.h">
      <Filter>Header Files</Filter>
    </ClInclude>
    <ClInclude Include="dependencies\protobufs\include\google\protobuf\generated_message_bases.h">
      <Filter>Header Files</Filter>
    </ClInclude>
    <ClInclude Include="dependencies\protobufs\include\google\protobuf\generated_message_reflection.h">
      <Filter>Header Files</Filter>
    </ClInclude>
    <ClInclude Include="dependencies\protobufs\include\google\protobuf\generated_message_tctable_decl.h">
      <Filter>Header Files</Filter>
    </ClInclude>
    <ClInclude Include="dependencies\protobufs\include\google\protobuf\generated_message_tctable_impl.h">
      <Filter>Header Files</Filter>
    </ClInclude>
    <ClInclude Include="dependencies\protobufs\include\google\protobuf\generated_message_util.h">
      <Filter>Header Files</Filter>
    </ClInclude>
    <ClInclude Include="dependencies\protobufs\include\google\protobuf\has_bits.h">
      <Filter>Header Files</Filter>
    </ClInclude>
    <ClInclude Include="dependencies\protobufs\include\google\protobuf\implicit_weak_message.h">
      <Filter>Header Files</Filter>
    </ClInclude>
    <ClInclude Include="dependencies\protobufs\include\google\protobuf\inlined_string_field.h">
      <Filter>Header Files</Filter>
    </ClInclude>
    <ClInclude Include="dependencies\protobufs\include\google\protobuf\map.h">
      <Filter>Header Files</Filter>
    </ClInclude>
    <ClInclude Include="dependencies\protobufs\include\google\protobuf\map_entry.h">
      <Filter>Header Files</Filter>
    </ClInclude>
    <ClInclude Include="dependencies\protobufs\include\google\protobuf\map_entry_lite.h">
      <Filter>Header Files</Filter>
    </ClInclude>
    <ClInclude Include="dependencies\protobufs\include\google\protobuf\map_field.h">
      <Filter>Header Files</Filter>
    </ClInclude>
    <ClInclude Include="dependencies\protobufs\include\google\protobuf\map_field_inl.h">
      <Filter>Header Files</Filter>
    </ClInclude>
    <ClInclude Include="dependencies\protobufs\include\google\protobuf\map_field_lite.h">
      <Filter>Header Files</Filter>
    </ClInclude>
    <ClInclude Include="dependencies\protobufs\include\google\protobuf\map_type_handler.h">
      <Filter>Header Files</Filter>
    </ClInclude>
    <ClInclude Include="dependencies\protobufs\include\google\protobuf\message.h">
      <Filter>Header Files</Filter>
    </ClInclude>
    <ClInclude Include="dependencies\protobufs\include\google\protobuf\message_lite.h">
      <Filter>Header Files</Filter>
    </ClInclude>
    <ClInclude Include="dependencies\protobufs\include\google\protobuf\metadata.h">
      <Filter>Header Files</Filter>
    </ClInclude>
    <ClInclude Include="dependencies\protobufs\include\google\protobuf\metadata_lite.h">
      <Filter>Header Files</Filter>
    </ClInclude>
    <ClInclude Include="dependencies\protobufs\include\google\protobuf\parse_context.h">
      <Filter>Header Files</Filter>
    </ClInclude>
    <ClInclude Include="dependencies\protobufs\include\google\protobuf\port.h">
      <Filter>Header Files</Filter>
    </ClInclude>
    <ClInclude Include="dependencies\protobufs\include\google\protobuf\reflection.h">
      <Filter>Header Files</Filter>
    </ClInclude>
    <ClInclude Include="dependencies\protobufs\include\google\protobuf\reflection_ops.h">
      <Filter>Header Files</Filter>
    </ClInclude>
    <ClInclude Include="dependencies\protobufs\include\google\protobuf\repeated_field.h">
      <Filter>Header Files</Filter>
    </ClInclude>
    <ClInclude Include="dependencies\protobufs\include\google\protobuf\repeated_ptr_field.h">
      <Filter>Header Files</Filter>
    </ClInclude>
    <ClInclude Include="dependencies\protobufs\include\google\protobuf\service.h">
      <Filter>Header Files</Filter>
    </ClInclude>
    <ClInclude Include="dependencies\protobufs\include\google\protobuf\source_context.pb.h">
      <Filter>Header Files</Filter>
    </ClInclude>
    <ClInclude Include="dependencies\protobufs\include\google\protobuf\struct.pb.h">
      <Filter>Header Files</Filter>
    </ClInclude>
    <ClInclude Include="dependencies\protobufs\include\google\protobuf\text_format.h">
      <Filter>Header Files</Filter>
    </ClInclude>
    <ClInclude Include="dependencies\protobufs\include\google\protobuf\timestamp.pb.h">
      <Filter>Header Files</Filter>
    </ClInclude>
    <ClInclude Include="dependencies\protobufs\include\google\protobuf\type.pb.h">
      <Filter>Header Files</Filter>
    </ClInclude>
    <ClInclude Include="dependencies\protobufs\include\google\protobuf\unknown_field_set.h">
      <Filter>Header Files</Filter>
    </ClInclude>
    <ClInclude Include="dependencies\protobufs\include\google\protobuf\wire_format.h">
      <Filter>Header Files</Filter>
    </ClInclude>
    <ClInclude Include="dependencies\protobufs\include\google\protobuf\wire_format_lite.h">
      <Filter>Header Files</Filter>
    </ClInclude>
    <ClInclude Include="dependencies\protobufs\include\google\protobuf\wrappers.pb.h">
      <Filter>Header Files</Filter>
    </ClInclude>
    <ClInclude Include="src\sdk\classes\entity\C_EconEntity.h">
      <Filter>Header Files</Filter>
    </ClInclude>
    <ClInclude Include="src\sdk\classes\CCSPlayer_MovementServices.h">
      <Filter>Header Files</Filter>
    </ClInclude>
    <ClInclude Include="src\render\bytes.h">
      <Filter>Header Files</Filter>
    </ClInclude>
    <ClInclude Include="dependencies\imgui\imgui_freetype.h">
      <Filter>Header Files</Filter>
    </ClInclude>
    <ClInclude Include="src\sdk\classes\CGlowProperty.h">
      <Filter>Header Files</Filter>
    </ClInclude>
    <ClInclude Include="src\features\antiaim\antiaim.h">
      <Filter>Header Files</Filter>
    </ClInclude>
    <ClInclude Include="src\features\lagcompensation\lagcomp.h">
      <Filter>Header Files</Filter>
    </ClInclude>
    <ClInclude Include="src\sdk\classes\entity\C_Inferno.h">
      <Filter>Header Files</Filter>
    </ClInclude>
    <ClInclude Include="src\sdk\classes\entity\C_SmokeGrenadeProjectile.h">
      <Filter>Header Files</Filter>
    </ClInclude>
    <ClInclude Include="src\sdk\classes\CHitboxes.h">
      <Filter>Header Files</Filter>
    </ClInclude>
    <ClInclude Include="src\sdk\classes\CGameRules.h">
      <Filter>Header Files</Filter>
    </ClInclude>
    <ClInclude Include="src\sdk\classes\KeyValues3.h">
      <Filter>Header Files</Filter>
    </ClInclude>
    <ClInclude Include="src\utils\fmt.h">
      <Filter>Header Files</Filter>
    </ClInclude>
    <ClInclude Include="src\sdk\classes\CBaseSceneData.h">
      <Filter>Header Files</Filter>
    </ClInclude>
    <ClInclude Include="src\sdk\classes\interfaces\CEngineTrace.h">
      <Filter>Header Files</Filter>
    </ClInclude>
    <ClInclude Include="src\sdk\math\CBaseHandle.h">
      <Filter>Header Files</Filter>
    </ClInclude>
    <ClInclude Include="src\sdk\math\CUtlMap.h">
      <Filter>Header Files</Filter>
    </ClInclude>
    <ClInclude Include="src\features\skins\skins.h">
      <Filter>Header Files</Filter>
    </ClInclude>
    <ClInclude Include="src\sdk\classes\interfaces\CLocalize.h">
      <Filter>Header Files</Filter>
    </ClInclude>
    <ClInclude Include="src\sdk\classes\entity\C_BodyComponent.h">
      <Filter>Header Files</Filter>
    </ClInclude>
    <ClInclude Include="src\sdk\classes\MURMUR.h">
      <Filter>Header Files</Filter>
    </ClInclude>
    <ClInclude Include="src\utils\KeyHandle.h">
      <Filter>Header Files</Filter>
    </ClInclude>
  </ItemGroup>
  <ItemGroup>
    <None Include="dependencies\protobufs\include\google\protobuf\port_def.inc">
      <Filter>Header Files</Filter>
    </None>
    <None Include="dependencies\protobufs\include\google\protobuf\port_undef.inc">
      <Filter>Header Files</Filter>
    </None>
  </ItemGroup>
</Project>